
Microsoft Visual Studio Solution File, Format Version 12.00
# Visual Studio Version 17
VisualStudioVersion = 17.5.33414.496
MinimumVisualStudioVersion = 10.0.40219.1
Project("{9A19103F-16F7-4668-BE54-9A1E7A4F7556}") = "TatBlog.Core", "TatBlog.Core\TatBlog.Core.csproj", "{EDF01CD3-01FE-4EB2-B845-0D945FF2E5A7}"
EndProject
Project("{9A19103F-16F7-4668-BE54-9A1E7A4F7556}") = "TatBlog.Data", "TatBlog.Data\TatBlog.Data.csproj", "{C32FBED2-D956-4E5F-97AA-B6DE3341872C}"
EndProject
Project("{9A19103F-16F7-4668-BE54-9A1E7A4F7556}") = "TatBlog.Services", "TatBlog.Services\TatBlog.Services.csproj", "{52686A09-B35E-4F7E-98CD-1B02D01B16E6}"
EndProject
Project("{9A19103F-16F7-4668-BE54-9A1E7A4F7556}") = "TatBlog.WinApp", "TatBlog.WinApp\TatBlog.WinApp.csproj", "{0DB16912-61F9-44E1-8860-E49D6F26808C}"
EndProject
Project("{FAE04EC0-301F-11D3-BF4B-00C04F79EFBC}") = "TatBlog.WebApp", "TatBlog.WebApp\TatBlog.WebApp.csproj", "{3E2A0EAF-AF59-44E5-BF2A-2F4A8A9A388B}"
EndProject
Global
	GlobalSection(SolutionConfigurationPlatforms) = preSolution
		Debug|Any CPU = Debug|Any CPU
		Release|Any CPU = Release|Any CPU
	EndGlobalSection
	GlobalSection(ProjectConfigurationPlatforms) = postSolution
		{EDF01CD3-01FE-4EB2-B845-0D945FF2E5A7}.Debug|Any CPU.ActiveCfg = Debug|Any CPU
		{EDF01CD3-01FE-4EB2-B845-0D945FF2E5A7}.Debug|Any CPU.Build.0 = Debug|Any CPU
		{EDF01CD3-01FE-4EB2-B845-0D945FF2E5A7}.Release|Any CPU.ActiveCfg = Release|Any CPU
		{EDF01CD3-01FE-4EB2-B845-0D945FF2E5A7}.Release|Any CPU.Build.0 = Release|Any CPU
		{C32FBED2-D956-4E5F-97AA-B6DE3341872C}.Debug|Any CPU.ActiveCfg = Debug|Any CPU
		{C32FBED2-D956-4E5F-97AA-B6DE3341872C}.Debug|Any CPU.Build.0 = Debug|Any CPU
		{C32FBED2-D956-4E5F-97AA-B6DE3341872C}.Release|Any CPU.ActiveCfg = Release|Any CPU
		{C32FBED2-D956-4E5F-97AA-B6DE3341872C}.Release|Any CPU.Build.0 = Release|Any CPU
		{52686A09-B35E-4F7E-98CD-1B02D01B16E6}.Debug|Any CPU.ActiveCfg = Debug|Any CPU
		{52686A09-B35E-4F7E-98CD-1B02D01B16E6}.Debug|Any CPU.Build.0 = Debug|Any CPU
		{52686A09-B35E-4F7E-98CD-1B02D01B16E6}.Release|Any CPU.ActiveCfg = Release|Any CPU
		{52686A09-B35E-4F7E-98CD-1B02D01B16E6}.Release|Any CPU.Build.0 = Release|Any CPU
		{0DB16912-61F9-44E1-8860-E49D6F26808C}.Debug|Any CPU.ActiveCfg = Debug|Any CPU
		{0DB16912-61F9-44E1-8860-E49D6F26808C}.Debug|Any CPU.Build.0 = Debug|Any CPU
		{0DB16912-61F9-44E1-8860-E49D6F26808C}.Release|Any CPU.ActiveCfg = Release|Any CPU
		{0DB16912-61F9-44E1-8860-E49D6F26808C}.Release|Any CPU.Build.0 = Release|Any CPU
		{3E2A0EAF-AF59-44E5-BF2A-2F4A8A9A388B}.Debug|Any CPU.ActiveCfg = Debug|Any CPU
		{3E2A0EAF-AF59-44E5-BF2A-2F4A8A9A388B}.Debug|Any CPU.Build.0 = Debug|Any CPU
		{3E2A0EAF-AF59-44E5-BF2A-2F4A8A9A388B}.Release|Any CPU.ActiveCfg = Release|Any CPU
		{3E2A0EAF-AF59-44E5-BF2A-2F4A8A9A388B}.Release|Any CPU.Build.0 = Release|Any CPU
	EndGlobalSection
	GlobalSection(SolutionProperties) = preSolution
		HideSolutionNode = FALSE
	EndGlobalSection
	GlobalSection(ExtensibilityGlobals) = postSolution
		SolutionGuid = {8D6E3DD8-13C5-45C7-92F4-35BCB1A25BFD}
	EndGlobalSection
EndGlobal
